# This file is generated by running "yarn install" inside your project.
# Manual changes might be lost - proceed with caution!

__metadata:
  version: 6
  cacheKey: 8

"abbrev@npm:1":
  version: 1.1.1
  resolution: "abbrev@npm:1.1.1"
  checksum: a4a97ec07d7ea112c517036882b2ac22f3109b7b19077dc656316d07d308438aac28e4d9746dc4d84bf6b1e75b4a7b0a5f3cb30592419f128ca9a8cee3bcfa17
  languageName: node
  linkType: hard

"amdefine@npm:>=0.0.4":
  version: 1.0.1
  resolution: "amdefine@npm:1.0.1"
  checksum: 9d4e15b94641643a9385b2841b4cb2bcf4e8e2f741ea4bd475c93ad7bab261ad4ed827a32e9c549b38b98759c4526c173ae4e6dde8caeb75ee5cebedc9863762
  languageName: node
  linkType: hard

"ansi-styles@npm:~0.2.0":
  version: 0.2.0
  resolution: "ansi-styles@npm:0.2.0"
  checksum: bf323758229c3411f0db1fce005c524725d5cc5b78d3b27449859db18575e6ab1bc07b0aeb65a3ec77b8415d44627029ca5d5495a7f467a956efeed8bd6e6d5f
  languageName: node
  linkType: hard

"argparse@npm:~ 0.1.11":
  version: 0.1.16
  resolution: "argparse@npm:0.1.16"
  dependencies:
    underscore: ~1.7.0
    underscore.string: ~2.4.0
  checksum: 0bcb0509074a6f65b5df37f9064421aa942855dff78b0176010c4ab5fd8a9a4951f244088aa1718e33c3efaed57cf885bc5ba6bf182a358eab7baac555c161f1
  languageName: node
  linkType: hard

"asn1@npm:0.1.11":
  version: 0.1.11
  resolution: "asn1@npm:0.1.11"
  checksum: b2891b16457ec46b987fd1b6d40cf58a0ca2a742498146d77f0534b268cbf802ced9052f52b9f2bc78f84d1b7856cf9f98eb81889da87b0713a1065cf973b3d3
  languageName: node
  linkType: hard

"assert-plus@npm:^0.1.5":
  version: 0.1.5
  resolution: "assert-plus@npm:0.1.5"
  checksum: a6172bec8482763362b282217f3a2e2931a2b6bcd476c299da3e858b8dfe1f1cd2da0a838919492b06fd35c143d9aaaccb24973e4ac459f82e23b410baaeebbd
  languageName: node
  linkType: hard

"async@npm:0.2.9, async@npm:~0.2.6":
  version: 0.2.9
  resolution: "async@npm:0.2.9"
  checksum: 0ea38a5c411e67744b554d54fdfb6ad5fd9caaef523db9b461be61a7df794d108583598f869390094ded226d856129fed8125bf34a0605f26610e8af5468d201
  languageName: node
  linkType: hard

"async@npm:~0.1.22":
  version: 0.1.22
  resolution: "async@npm:0.1.22"
  checksum: 0e9135551072b1f0a75b431e4d472b348d60105f2eb475b2dffc9b9f96dc771a3da750a3c1061a5f1329c205c670bb5afcaca16acc293b955de86b6c8e661bfb
  languageName: node
  linkType: hard

"async@npm:~0.9.0":
  version: 0.9.2
  resolution: "async@npm:0.9.2"
  checksum: 87dbf129292b8a6c32a4e07f43f462498162aa86f404a7e11f978dbfdf75cfb163c26833684bb07b9d436083cd604cbbf730a57bfcbe436c6ae1ed266cdc56bb
  languageName: node
  linkType: hard

"aws-sign@npm:~0.3.0":
  version: 0.3.0
  resolution: "aws-sign@npm:0.3.0"
  checksum: 1bc8a2808f0044146621a0d2fe90dbe88563643ce847bcc70850af589acffbb1ac5e2d661923a98491e110b849402516d0e1f005cf5b7175324739935888a1cf
  languageName: node
  linkType: hard

"boom@npm:0.4.x":
  version: 0.4.2
  resolution: "boom@npm:0.4.2"
  dependencies:
    hoek: 0.9.x
  checksum: 127816e6809b382a2d7bf558cac59de9c9b0ce273ea38bbfab913d4b590ee8ade089b23db985054842e4a26de3836e026f5a8899e2e0e645da09e6ab4e401807
  languageName: node
  linkType: hard

"buffer-crc32@npm:0.2.1":
  version: 0.2.1
  resolution: "buffer-crc32@npm:0.2.1"
  checksum: eec890decc253b04ad5d032c0644e6d6cf24606c5a8fd097b8f7b2ac3d9468685d3cc3e041625c59b30c67280fcbaba6a7c916df0cf6c6efbc87d21a2f69edae
  languageName: node
  linkType: hard

"bytes@npm:0.2.1":
  version: 0.2.1
  resolution: "bytes@npm:0.2.1"
  checksum: 042ef2b8dfeb9210d62f1f375d549c8cc0b6c3970a53a0f43fb2d05bba650befbb5aeda7d6016620831bd5405d6f98beba9dc2c2d243de2e0d26fea5e820cde5
  languageName: node
  linkType: hard

"camelcase@npm:^1.0.2":
  version: 1.2.1
  resolution: "camelcase@npm:1.2.1"
  checksum: 3da5ab4bb997f33e57023ddee39887e0d3f34ce5a2d41bcfe84454ee528c4fd769a4f9a428168bf9b24aca9338699885ffb63527acb02834c31b864d4b0d2299
  languageName: node
  linkType: hard

"chalk@npm:0.3.0":
  version: 0.3.0
  resolution: "chalk@npm:0.3.0"
  dependencies:
    ansi-styles: ~0.2.0
    has-color: ~0.1.0
  checksum: 4faccbf10b4168b3b9f38a9ef362a018721b790320af2a1876b3b462bf71ca0baed201304cace7512780d606829166f8737589cd9b1f5b181ffcfd5cab1a2914
  languageName: node
  linkType: hard

"chalk@npm:~0.2.1":
  version: 0.2.1
  resolution: "chalk@npm:0.2.1"
  dependencies:
    ansi-styles: ~0.2.0
    has-color: ~0.1.0
  checksum: 63a08832cc37b1a92fec7c04b779e088391ecc8735c88822b1eb309d6b258b20b77cc0f7b402936e0236dfe7cfe77c900dfcb530e63de4fa5d6961208eace58b
  languageName: node
  linkType: hard

"character-parser@npm:1.2.0":
  version: 1.2.0
  resolution: "character-parser@npm:1.2.0"
  checksum: 9892d2e684f5f74073adbab19660ee196e46b4411ada22c075de413b300dc3987bc5bad2a379c2a77efb2b3d4eea6447d6187c87870eb3b1269d5f41c5408f6b
  languageName: node
  linkType: hard

"cli@npm:0.4.x":
  version: 0.4.5
  resolution: "cli@npm:0.4.5"
  dependencies:
    glob: ">= 3.1.4"
  checksum: f921b59b09aefe663ce379fac0ba1fbfab3d0a90cced329942955d366bbad9cd501a95690f8b25a5cadb0367b3b93a88a6ac44998bf2c0e28004b4a92eee6caa
  languageName: node
  linkType: hard

"coffee-script@npm:~1.3.3":
  version: 1.3.3
  resolution: "coffee-script@npm:1.3.3"
  bin:
    cake: ./bin/cake
    coffee: ./bin/coffee
  checksum: 5b1ef8576e04f221984a9042018b780f708f4d38e4e865ec3b70fff84b540873c6a11621a01d26d079f43644452df76bc2e6dcf31bbac0dbfe5ae05fde0d085f
  languageName: node
  linkType: hard

"colors@npm:~0.6.0-1":
  version: 0.6.2
  resolution: "colors@npm:0.6.2"
  checksum: 3f48cadb26ef1809847f3c0ff1e1dc4b2e2af4ace54dd9cd7491bfcaafef3abaac7cb063cb91f98f305bba8a6fa74720a8856610629f9c889b1eb4cd84a120a3
  languageName: node
  linkType: hard

"combined-stream@npm:~0.0.4":
  version: 0.0.7
  resolution: "combined-stream@npm:0.0.7"
  dependencies:
    delayed-stream: 0.0.5
  checksum: 312bce22547da11c63cef1be38db208f71c05daf6b903b8b5d46038fa820a584852e0cef15a21b492726fbcffa91ce444001ca6a2f79a2159ce5589fd183b135
  languageName: node
  linkType: hard

"commander@npm:1.3.2":
  version: 1.3.2
  resolution: "commander@npm:1.3.2"
  dependencies:
    keypress: 0.1.x
  checksum: 41fa1f8570c0971336ec3bd16cb9b247eb0f81d7131f3ef4e8281134048cafe29279e37681a46df0bf784c139bf883e439fccac6addca64d96bab822bab3060c
  languageName: node
  linkType: hard

"commander@npm:2.0.0":
  version: 2.0.0
  resolution: "commander@npm:2.0.0"
  checksum: 34f54730f782639f3a7103889083c020d551b7202e2165bd47111eab986735b92031f71bdb4be2e8efcf07e1a50c0232dff6e6e77c4968b5053f8109b3c090a0
  languageName: node
  linkType: hard

"connect@npm:2.11.0":
  version: 2.11.0
  resolution: "connect@npm:2.11.0"
  dependencies:
    buffer-crc32: 0.2.1
    bytes: 0.2.1
    cookie: 0.1.0
    cookie-signature: 1.0.1
    debug: "*"
    fresh: 0.2.0
    methods: 0.0.1
    multiparty: 2.2.0
    negotiator: 0.3.0
    pause: 0.0.1
    qs: 0.6.5
    raw-body: 0.0.3
    send: 0.1.4
    uid2: 0.0.3
  checksum: 5df2427f0999f695dfa386af47c45cafae2335c9c1aeb1e177a64351e155cacc2190fef8586834583b03748161f3677ad2ab43380f93370ebcc5e783d8ee9e49
  languageName: node
  linkType: hard

"console-browserify@npm:0.1.x":
  version: 0.1.6
  resolution: "console-browserify@npm:0.1.6"
  checksum: c2c2980779b2abc294113776801a2691c43cf25e95108fb82498216f8e094c7984cb0d254a07737dd880a2b7b7b5649cc7ac5198602eae089f78f60611965c16
  languageName: node
  linkType: hard

"constantinople@npm:~1.0.1":
  version: 1.0.2
  resolution: "constantinople@npm:1.0.2"
  dependencies:
    uglify-js: ~2.4.0
  checksum: bb60be7d6d67652ac8f4b819a32dbe082e24c19aa6666c8d5ffc334afe8990997c954ac0b6fc4dec07dd7053152adb5c498aba507b1c81d39a6d16e19101d08a
  languageName: node
  linkType: hard

"cookie-jar@npm:~0.3.0":
  version: 0.3.0
  resolution: "cookie-jar@npm:0.3.0"
  checksum: 54602c0f8d1b61baf590c11308ca9fd80e9b05689d3300569876095d85b0b0758d5f49631bda6cecbb93bdac692df7c595179fb02bb79aae7945fc4d5a0b0084
  languageName: node
  linkType: hard

"cookie-signature@npm:1.0.1":
  version: 1.0.1
  resolution: "cookie-signature@npm:1.0.1"
  checksum: 5ca960e8c2a9667ade882fb5afe635e6e2d71bc1732b7aeb856d24b942d0cf74afbb7264567bbc94706ce33cebfe18bb4d7a4d9e83da135d9d9ed6fad6f03c3a
  languageName: node
  linkType: hard

"cookie@npm:0.1.0":
  version: 0.1.0
  resolution: "cookie@npm:0.1.0"
  checksum: f2454ed4da2566be7278812288c18d7eb1416c01c1454f5b8fc6095cc38eeba562c244c2540724100ce89b8be043323bd64bcbe3d0b73cb426381bc0552d84c1
  languageName: node
  linkType: hard

"core-util-is@npm:~1.0.0":
  version: 1.0.3
  resolution: "core-util-is@npm:1.0.3"
  checksum: 9de8597363a8e9b9952491ebe18167e3b36e7707569eed0ebf14f8bba773611376466ae34575bca8cfe3c767890c859c74056084738f09d4e4a6f902b2ad7d99
  languageName: node
  linkType: hard

"cryptiles@npm:0.2.x":
  version: 0.2.2
  resolution: "cryptiles@npm:0.2.2"
  dependencies:
    boom: 0.4.x
  checksum: fd872f89935c8411112e0b048f362fa4c9f8ca29fe0ffeb956e463b098a1cc3df1740d9213bc45c44d765e033e3287dfc6dbd5a6bea4e2708eaed3ebc45f3a50
  languageName: node
  linkType: hard

"css-parse@npm:1.0.4":
  version: 1.0.4
  resolution: "css-parse@npm:1.0.4"
  checksum: 495c04520889cc988b413c4d4041eafd41a80d790208741ce744d0f45a0bfcf7127f1d0fd6559bda3410b3d80381c7e5debf5995031ef6500267a9dd3c32f3cf
  languageName: node
  linkType: hard

"css-stringify@npm:1.0.5":
  version: 1.0.5
  resolution: "css-stringify@npm:1.0.5"
  checksum: 8ebebd019c0d7820f8d3724ceed277a1bf25d089369aef3d9899b2ae2cc7c53ce3dd66d3e26f46c1d47ce2778526c2d769bf4dfdb60a36d408a474bd66087626
  languageName: node
  linkType: hard

"css@npm:~1.0.8":
  version: 1.0.8
  resolution: "css@npm:1.0.8"
  dependencies:
    css-parse: 1.0.4
    css-stringify: 1.0.5
  checksum: 834528f6ed438a322678ab4ca8d641700d303b304b8a775e73d5b4886d27124a768c2afcc99c991291276d6ceb088c46cf106026ee37ff917033e691b229ee3e
  languageName: node
  linkType: hard

"ctype@npm:0.5.3":
  version: 0.5.3
  resolution: "ctype@npm:0.5.3"
  checksum: 198be77f3825910340778ac5b72deb3393f9b3913e75cbb228169acc25ce9a7dede02d86d8d496699af35c031c7e508c928368922cfd40af2efbc5f85f210dfc
  languageName: node
  linkType: hard

"dateformat@npm:1.0.2-1.2.3":
  version: 1.0.2-1.2.3
  resolution: "dateformat@npm:1.0.2-1.2.3"
  checksum: 2c7a705a749e6695ba700c191913fc865c23acefd3579a6327474839ab4e0715784247ba533b4780f145469b6242ac96b6dc4f672347fc4d4021163c71cf22ec
  languageName: node
  linkType: hard

"debug@npm:*":
  version: 4.3.4
  resolution: "debug@npm:4.3.4"
  dependencies:
    ms: 2.1.2
  peerDependenciesMeta:
    supports-color:
      optional: true
  checksum: 3dbad3f94ea64f34431a9cbf0bafb61853eda57bff2880036153438f50fb5a84f27683ba0d8e5426bf41a8c6ff03879488120cf5b3a761e77953169c0600a708
  languageName: node
  linkType: hard

"debug@npm:~0.7.0":
  version: 0.7.4
  resolution: "debug@npm:0.7.4"
  checksum: 5646bf2bb349381e1363f1107513270f29092df1a1a7c0f331b23867867c517da5acbd31f828101bef61969fe558b81f044288624dbadaccb2c088329450a74f
  languageName: node
  linkType: hard

"decamelize@npm:^1.0.0":
  version: 1.2.0
  resolution: "decamelize@npm:1.2.0"
  checksum: ad8c51a7e7e0720c70ec2eeb1163b66da03e7616d7b98c9ef43cce2416395e84c1e9548dd94f5f6ffecfee9f8b94251fc57121a8b021f2ff2469b2bae247b8aa
  languageName: node
  linkType: hard

"delayed-stream@npm:0.0.5":
  version: 0.0.5
  resolution: "delayed-stream@npm:0.0.5"
  checksum: 6fcd0961ac3315fff5d5a6c2ba9a4e92cfd00043499eb83b3c38d94531c611121e3f37181849a84d8cb4777750e560b0c1711efb6303ec289544ec2d3a46771f
  languageName: node
  linkType: hard

"emoji-random@npm:0.1.0":
  version: 0.1.0
  resolution: "emoji-random@npm:0.1.0"
  checksum: 3d6fe935d59ac79ff1b2415cea871143b9fce7ed2fda66b9623298adc0956a3af242e143f80a34ad17f00c27085b9a2baa568e3a3dbe8c7ba4595f994e0be85e
  languageName: node
  linkType: hard

"esprima@npm:~ 1.0.2":
  version: 1.0.4
  resolution: "esprima@npm:1.0.4"
  bin:
    esparse: ./bin/esparse.js
    esvalidate: ./bin/esvalidate.js
  checksum: 6dcc6aa86ae37d1bb1f0f4d374fa9f0ca34d4293e80398cf4cd6fa4471a2be770cbf9ee9b2158b529888b5a9f0db7a4d7e78d4e88f8c90649b963d294c8a44ad
  languageName: node
  linkType: hard

"eventemitter2@npm:~0.4.9":
  version: 0.4.14
  resolution: "eventemitter2@npm:0.4.14"
  checksum: 214603a32aba5f49c0d7a68202a0d5e01e89b3c872c7c32172e80b513aaa06ee74d54de212705483a01c03dda7b396874b3576cbe9bc96d92bae0912dad89eb2
  languageName: node
  linkType: hard

"express@npm:3.4.4":
  version: 3.4.4
  resolution: "express@npm:3.4.4"
  dependencies:
    buffer-crc32: 0.2.1
    commander: 1.3.2
    connect: 2.11.0
    cookie: 0.1.0
    cookie-signature: 1.0.1
    debug: "*"
    fresh: 0.2.0
    methods: 0.1.0
    mkdirp: 0.3.5
    range-parser: 0.0.4
    send: 0.1.4
  bin:
    express: ./bin/express
  checksum: 7351bd57b510c1749b23ea87dc51958de682a5a3f29b152df0d48278f6bbd4b61a059cbd026202ad217e131946cefba647fe5d0c29e34ae8606f878ea0200670
  languageName: node
  linkType: hard

"faye-websocket@npm:~0.4.3":
  version: 0.4.4
  resolution: "faye-websocket@npm:0.4.4"
  checksum: ad0ef9b1f2df4eeccd22026fd42408442fc75ca239ec58d70222acd03143dd6ae7db8e626d6f7ef328eef41af58eb788bad0b324c165fd8c50086c6a117913dc
  languageName: node
  linkType: hard

"findup-sync@npm:~0.1.0, findup-sync@npm:~0.1.2":
  version: 0.1.3
  resolution: "findup-sync@npm:0.1.3"
  dependencies:
    glob: ~3.2.9
    lodash: ~2.4.1
  checksum: 0467d3d8a16d00e6ff0e009a6a599178867b794b77d5ddf60fc18fc91cf7ca6101e9c29da2705cf681028b66e32c2fa8b246aa4cbd3d4e135b145032a6d994be
  languageName: node
  linkType: hard

"forever-agent@npm:~0.5.0":
  version: 0.5.2
  resolution: "forever-agent@npm:0.5.2"
  checksum: 668524bd6a380c9e9544c68a660409979d25af80277b96d58147f61c22c8bc17885bc401a978608a318790b69eaa52d9c6abb21e79aa363a59e9c4d5506fb80a
  languageName: node
  linkType: hard

"form-data@npm:~0.1.0":
  version: 0.1.4
  resolution: "form-data@npm:0.1.4"
  dependencies:
    async: ~0.9.0
    combined-stream: ~0.0.4
    mime: ~1.2.11
  checksum: 8ab2dba6dff30bb3a5b8d1564a2e86c353e0b2b907cf82c66e9d64c9be27905e8642c048adfccb6e5b7fe7e000c0f1abff5d33105cabcf18b680f5898f8fb644
  languageName: node
  linkType: hard

"fresh@npm:0.2.0":
  version: 0.2.0
  resolution: "fresh@npm:0.2.0"
  checksum: 7cc6e5db63a1321e353b3690ec839ecdf75b875ce6e6d60218c36eee546db7ee28e3e51d815d1f7caef5c3f8afdb24d2af6e294602c3a55fb1134f0fde6f19d0
  languageName: node
  linkType: hard

"gaze@npm:~0.4.0":
  version: 0.4.3
  resolution: "gaze@npm:0.4.3"
  dependencies:
    globule: ~0.1.0
  checksum: bff06e3bca666c86927225f368cc1797f31a858c72d4c2b6b98e79709c54c4c2fca9234704e3490ce00cbc8590f0a09a26cc84b2c0ecaa63424c5ed2057ef644
  languageName: node
  linkType: hard

"gitcanvas@workspace:.":
  version: 0.0.0-use.local
  resolution: "gitcanvas@workspace:."
  dependencies:
    async: 0.2.9
    chalk: 0.3.0
    commander: 2.0.0
    emoji-random: 0.1.0
    express: 3.4.4
    grunt: 0.4.1
    grunt-contrib-jshint: 0.7.0
    grunt-contrib-watch: 0.5.3
    jade: 0.35.0
    jshint-stylish: 0.1.3
    load-grunt-tasks: 0.2.0
    lodash: 2.2.1
    request: 2.27.0
    yarn: ^1.22.19
  bin:
    gitcanvas: bin/gitcanvas
  languageName: unknown
  linkType: soft

"glob@npm:>= 3.1.4, glob@npm:~3.1.21":
  version: 3.1.21
  resolution: "glob@npm:3.1.21"
  dependencies:
    graceful-fs: ~1.2.0
    inherits: 1
    minimatch: ~0.2.11
  checksum: b7ae26c6b05cb87d77529849dba309481fbea69ed7fe15407bc436a2aff8eb833e779018cabb722a300094e59a7c1010ddecd472f90b950b6dd56502ccef017b
  languageName: node
  linkType: hard

"glob@npm:~3.2.9":
  version: 3.2.11
  resolution: "glob@npm:3.2.11"
  dependencies:
    inherits: 2
    minimatch: 0.3
  checksum: 25cb00311743ab877e04367e8115ffeb5a329d5f5764335279acbf776f83ff84f41d6e49d129aece6018f4ce472e0a7d94060b2496555d4a41d7efe753833d98
  languageName: node
  linkType: hard

"globule@npm:~0.1.0":
  version: 0.1.0
  resolution: "globule@npm:0.1.0"
  dependencies:
    glob: ~3.1.21
    lodash: ~1.0.1
    minimatch: ~0.2.11
  checksum: 3023cd13483423e8d715a8488692b833c46c690e477adc9b81aa344c4487929c4378d15bf7931dd2f31db4e44a0a9366a586f415379e7dfa0a3805c6416a661f
  languageName: node
  linkType: hard

"graceful-fs@npm:~1.1":
  version: 1.1.14
  resolution: "graceful-fs@npm:1.1.14"
  checksum: 12d44c17f61e57e0d56f4416577f9c2642f56fbdd91b56e2fe2e0f23550494657978dc4089b9991992829d95a8605e7d02fab5d05e1edbdfcb71cd5d3d2abd7e
  languageName: node
  linkType: hard

"graceful-fs@npm:~1.2.0":
  version: 1.2.3
  resolution: "graceful-fs@npm:1.2.3"
  checksum: e40637fe703134214b9eb0c77d6eed336842d47259cb9c6b3fe8e9f864363d8cc7a062309899be4a0ba12e75d1a264adad3c43376c42d251a8dc0c4442ec8232
  languageName: node
  linkType: hard

"grunt-contrib-jshint@npm:0.7.0":
  version: 0.7.0
  resolution: "grunt-contrib-jshint@npm:0.7.0"
  dependencies:
    jshint: ~2.3.0
  peerDependencies:
    grunt: ~0.4.0
  checksum: a8312e008bd850942353c0f9794f7627c062e582f757ce49001d9745aa6b146ca592a21a3b262d00a0e790326e0d6d701b46931b2db305ac99abe1f179113cab
  languageName: node
  linkType: hard

"grunt-contrib-watch@npm:0.5.3":
  version: 0.5.3
  resolution: "grunt-contrib-watch@npm:0.5.3"
  dependencies:
    gaze: ~0.4.0
    tiny-lr: 0.0.4
  peerDependencies:
    grunt: ~0.4.0
  checksum: fa39c9315efa9755cd6f9af3c4ee51a8798f6c798fbd7ea4b0dd15093bca2ddd6bca4d34e38903cfc9d9045be1a99a70a1e7250a8b4c2ed8263bc9e94f71eb3a
  languageName: node
  linkType: hard

"grunt@npm:0.4.1":
  version: 0.4.1
  resolution: "grunt@npm:0.4.1"
  dependencies:
    async: ~0.1.22
    coffee-script: ~1.3.3
    colors: ~0.6.0-1
    dateformat: 1.0.2-1.2.3
    eventemitter2: ~0.4.9
    findup-sync: ~0.1.0
    glob: ~3.1.21
    hooker: ~0.2.3
    iconv-lite: ~0.2.5
    js-yaml: ~2.0.2
    lodash: ~0.9.0
    minimatch: ~0.2.6
    nopt: ~1.0.10
    rimraf: ~2.0.2
    underscore.string: ~2.2.0rc
    which: ~1.0.5
  checksum: b5ecb9a550d0a5c2e71fea0709f875c6d8b608f033c785c31e44a874ef3fe06674849fbeb19e791f15134b0fb9be93f6564447af04d167f71298c5aedb5359e3
  languageName: node
  linkType: hard

"has-color@npm:~0.1.0":
  version: 0.1.7
  resolution: "has-color@npm:0.1.7"
  checksum: 5753d76b1330bc1f5a07171f222ed0718f5ec2d64d5677800e434f183a99f7042f5cda43c9625a2d0f0204063aa03499a66f1c15283d789773b3544f18f93f58
  languageName: node
  linkType: hard

"hawk@npm:~1.0.0":
  version: 1.0.0
  resolution: "hawk@npm:1.0.0"
  dependencies:
    boom: 0.4.x
    cryptiles: 0.2.x
    hoek: 0.9.x
    sntp: 0.2.x
  checksum: 0614fb31dff8400ce90cff94fb6c37b16602ab2838542fc0a080069408736cd4b4abdccbe47e7377c0588c71a9c9b88984530730e7f93435493adc36ea9e74da
  languageName: node
  linkType: hard

"hoek@npm:0.9.x":
  version: 0.9.1
  resolution: "hoek@npm:0.9.1"
  checksum: 43d1faa57c7af7a49f9d07846e50fbfec6f741e51fa579796f5a76cb546112b45bee6d141f1c9112225b0f557715e2353c0db45633ed3b6a9e2803f106b044ac
  languageName: node
  linkType: hard

"hooker@npm:~0.2.3":
  version: 0.2.3
  resolution: "hooker@npm:0.2.3"
  checksum: 217055dd9dd9e185c25ad31727e0a7b47a667d23635d6116acbbfa61c6701386b517208b63934aa423e7985a5df2382614af718e50199da08db1e9bc528c6e67
  languageName: node
  linkType: hard

"http-signature@npm:~0.10.0":
  version: 0.10.1
  resolution: "http-signature@npm:0.10.1"
  dependencies:
    asn1: 0.1.11
    assert-plus: ^0.1.5
    ctype: 0.5.3
  checksum: d4d02f401efdf84517a150b621e3de2ef5ceccbac59d52f9df28db0dfabae933795717c7d74480e7dd65393f69f6b0e120cc1ba215ebdf7b8bac0241689a88da
  languageName: node
  linkType: hard

"iconv-lite@npm:~0.2.5":
  version: 0.2.11
  resolution: "iconv-lite@npm:0.2.11"
  checksum: 69c4523f28e6e2943a2286e2dbd3a354ed0523cbd8d6d8c224bb20bb035ce0c90470d474a06afc89bc2b280632b9404ee948a3aec01dfe82bf0f0979579825ba
  languageName: node
  linkType: hard

"inherits@npm:1":
  version: 1.0.2
  resolution: "inherits@npm:1.0.2"
  checksum: e2f5c1d2868f3bc49a6875478dfaad7c09c7c70d00368cfe0eca834d13589f2704b5aa8964caf1c6d26828022a0d21d2b8397d75a435fe952c1af949496bc00a
  languageName: node
  linkType: hard

"inherits@npm:2, inherits@npm:~2.0.1":
  version: 2.0.4
  resolution: "inherits@npm:2.0.4"
  checksum: 4a48a733847879d6cf6691860a6b1e3f0f4754176e4d71494c41f3475553768b10f84b5ce1d40fbd0e34e6bfbb864ee35858ad4dd2cf31e02fc4a154b724d7f1
  languageName: node
  linkType: hard

"is-promise@npm:~1":
  version: 1.0.1
  resolution: "is-promise@npm:1.0.1"
  checksum: 75e6fac7e60e7fa979bf7a53cb7d42f3fd0991795cad6e195196fded7acbc7609e22230435a435b0924037030bdc32b0bc97f593ff2a362a69ddde1bc1fb08ef
  languageName: node
  linkType: hard

"isarray@npm:0.0.1":
  version: 0.0.1
  resolution: "isarray@npm:0.0.1"
  checksum: 49191f1425681df4a18c2f0f93db3adb85573bcdd6a4482539d98eac9e705d8961317b01175627e860516a2fc45f8f9302db26e5a380a97a520e272e2a40a8d4
  languageName: node
  linkType: hard

"jade@npm:0.35.0":
  version: 0.35.0
  resolution: "jade@npm:0.35.0"
  dependencies:
    character-parser: 1.2.0
    commander: 2.0.0
    constantinople: ~1.0.1
    mkdirp: 0.3.x
    monocle: 1.1.50
    transformers: 2.1.0
    with: ~1.1.0
  bin:
    jade: ./bin/jade
  checksum: ec2e71dc6c14d15153f295a1650c2ccb30c876a0d087a31b395991dd6fd7a77beceda5a8ab4d62ffaea53eb21459bde4dd73e642b622619a29200060cc6c3eb8
  languageName: node
  linkType: hard

"js-yaml@npm:~2.0.2":
  version: 2.0.5
  resolution: "js-yaml@npm:2.0.5"
  dependencies:
    argparse: ~ 0.1.11
    esprima: ~ 1.0.2
  bin:
    js-yaml: bin/js-yaml.js
  checksum: 183df9fe7afb78801f857145dd3b5decb3c8026f868e2422f1bdc112e4c60fbb9b608b9bed532f3a28de3725b633d6828364dbcbb6ad97e4bc988c423b1ffd22
  languageName: node
  linkType: hard

"jshint-stylish@npm:0.1.3":
  version: 0.1.3
  resolution: "jshint-stylish@npm:0.1.3"
  dependencies:
    chalk: ~0.2.1
    text-table: ~0.2.0
  checksum: e7c4d25daf837932f2d4a974e0b4439e36787737e526dd9076ecb479f0d57c5de9f557cf616b189877d6c106cb3ce0f66c57dee152fb59d2f0af7eb8a68bc3ec
  languageName: node
  linkType: hard

"jshint@npm:~2.3.0":
  version: 2.3.0
  resolution: "jshint@npm:2.3.0"
  dependencies:
    cli: 0.4.x
    console-browserify: 0.1.x
    minimatch: 0.x.x
    shelljs: 0.1.x
    underscore: 1.4.x
  bin:
    jshint: ./bin/jshint
  checksum: e3a3f02255035285ec8b803393ad93aa27570c17b2b018e266398eec0dde4d412f4b904d5b73e80ba617dcb7a84afe204833464d527f1d9914a7d0e22d8a7eb5
  languageName: node
  linkType: hard

"json-stringify-safe@npm:~5.0.0":
  version: 5.0.1
  resolution: "json-stringify-safe@npm:5.0.1"
  checksum: 48ec0adad5280b8a96bb93f4563aa1667fd7a36334f79149abd42446d0989f2ddc58274b479f4819f1f00617957e6344c886c55d05a4e15ebb4ab931e4a6a8ee
  languageName: node
  linkType: hard

"keypress@npm:0.1.x":
  version: 0.1.0
  resolution: "keypress@npm:0.1.0"
  checksum: 3a7e9dc0354dc6e5cfd4a507263dee4d736381d1bf40b59b73ed9972aef9b5e5be3ce6df24ca67d1530c9fe9cf90b913c6d2cc49f610b4077af379933a2968a5
  languageName: node
  linkType: hard

"load-grunt-tasks@npm:0.2.0":
  version: 0.2.0
  resolution: "load-grunt-tasks@npm:0.2.0"
  dependencies:
    findup-sync: ~0.1.2
    globule: ~0.1.0
  checksum: bdbd859f3344e22a42b38f3c49a978380c4866f0b402cf562ced53f9cb5a2fef1ab8899c3297812465343e83f1f0f9d4f5ac79bded999d374658117e95c9a379
  languageName: node
  linkType: hard

"lodash@npm:2.2.1":
  version: 2.2.1
  resolution: "lodash@npm:2.2.1"
  checksum: d7d3587cbbb32641e72cf17be4617b13395e025e98d80ef5ff06797973efeb7f7171dbc89bdefb59fc707987ff33e7ddb1394ccc2ffdb243e56fe6a347b66b06
  languageName: node
  linkType: hard

"lodash@npm:~0.9.0":
  version: 0.9.2
  resolution: "lodash@npm:0.9.2"
  checksum: 4685966968aac351a43f169e3952350f7c12075bf72285af535f08fdf5f01bb7c51986ba8cf40b3ac973691337fd7d2cedc342717b689d46a99a8d240c787fe4
  languageName: node
  linkType: hard

"lodash@npm:~1.0.1":
  version: 1.0.2
  resolution: "lodash@npm:1.0.2"
  checksum: 11f6e2f0cd559d999ba81a8f04dedcd8c922a3f09796e0b24d4a06cd9a0e34556e448e7c54643110369f7eaf0c5973423d0690238d070cdd785ad6e3bae1ce5b
  languageName: node
  linkType: hard

"lodash@npm:~2.4.1":
  version: 2.4.2
  resolution: "lodash@npm:2.4.2"
  checksum: b18a5e5858091e2a0e6498e9f0efde559f64a2cc7adfa240c7da92930b7c734a9e52519101522e9fbd7acfcfb0ef682ce9b9cb668b5fea4809cb340435c1764d
  languageName: node
  linkType: hard

"lru-cache@npm:2":
  version: 2.7.3
  resolution: "lru-cache@npm:2.7.3"
  checksum: f3bff3990f2936826da865d1b56f591185df9163e9ebc5e1234a9c5fd4574f8bbb67373fe6f8b914a2a88a3988591fc6b80b5e77705d5ca6ce2c9ef2ea08b572
  languageName: node
  linkType: hard

"methods@npm:0.0.1":
  version: 0.0.1
  resolution: "methods@npm:0.0.1"
  checksum: aa24e6042adc47bdb5136cddb54256475149faf83730c3c4c170e6a07366d04f1c3b747af2de059b69b7b3e3918d19193e85e6d2358d70cba020950756b22f7c
  languageName: node
  linkType: hard

"methods@npm:0.1.0":
  version: 0.1.0
  resolution: "methods@npm:0.1.0"
  checksum: 0d2a8d95774f0cff1693cec7ccbf63cd95d07a57f3cbe22fe8e9b3803d77887e832d877a23118b91e7ef7991096ba5fd49fc883448f8bf406f0d5bca322f7fa8
  languageName: node
  linkType: hard

"mime@npm:~1.2.11, mime@npm:~1.2.9":
  version: 1.2.11
  resolution: "mime@npm:1.2.11"
  checksum: 68248e74bd65db30d2b59c077cc8794e3caee1497fd7ca40efcf8797c4aea75dc9d5b05d1448fdfb3de09da0b894a47e90cde0985a0c5ec5d7d2305c36aa2c75
  languageName: node
  linkType: hard

"minimatch@npm:0.3":
  version: 0.3.0
  resolution: "minimatch@npm:0.3.0"
  dependencies:
    lru-cache: 2
    sigmund: ~1.0.0
  checksum: 5fd8a557d0ce1d054b554e86024cf792603fa4eb91437ebc209b022ea88e096638b71b2f0e646789dd737c9c524da65218d652937cd65acdb56518dc1cd73c9e
  languageName: node
  linkType: hard

"minimatch@npm:0.x.x, minimatch@npm:>=0.2.4, minimatch@npm:~0.2.11, minimatch@npm:~0.2.6":
  version: 0.2.14
  resolution: "minimatch@npm:0.2.14"
  dependencies:
    lru-cache: 2
    sigmund: ~1.0.0
  checksum: c2c5209302f9621aedd6c685477a8e1e4fc1a6caa8b42da8dcd8b44060941dcbcc3b4664d727a50f45028b91e6ac22987ee14ffc8a68d56a7ef4ee84ff582fde
  languageName: node
  linkType: hard

"mkdirp@npm:0.3.5, mkdirp@npm:0.3.x":
  version: 0.3.5
  resolution: "mkdirp@npm:0.3.5"
  checksum: 5b7db0f7db199b87f5b0e563b919ad214d1a2c55c3896db332ef1e66c2192b2077112a4733b2c6ff99c833a6f85ba5686f05a768c411fe461b667a17421d37a8
  languageName: node
  linkType: hard

"monocle@npm:1.1.50":
  version: 1.1.50
  resolution: "monocle@npm:1.1.50"
  dependencies:
    readdirp: ~0.2.3
  checksum: b7a03eadbd0ab03cfb39d6b4e263a8d7f64f555889b577ce05ebea4bfd56546df7453de9f9f29a2b3a8a8d43e0fcfe811b2acfa1a8d9ebd4b8ee3c563a1c99b2
  languageName: node
  linkType: hard

"ms@npm:2.1.2":
  version: 2.1.2
  resolution: "ms@npm:2.1.2"
  checksum: 673cdb2c3133eb050c745908d8ce632ed2c02d85640e2edb3ace856a2266a813b30c613569bf3354fdf4ea7d1a1494add3bfa95e2713baa27d0c2c71fc44f58f
  languageName: node
  linkType: hard

"multiparty@npm:2.2.0":
  version: 2.2.0
  resolution: "multiparty@npm:2.2.0"
  dependencies:
    readable-stream: ~1.1.9
    stream-counter: ~0.2.0
  checksum: 7b0253196aed018c02b8be32b02b883ed1d30d4f262f0ed5f7e0b13e958199598da66ee6959af05641f67da1cc6769f0ae7a3d64e88b050820c9cbc86f97fdf1
  languageName: node
  linkType: hard

"negotiator@npm:0.3.0":
  version: 0.3.0
  resolution: "negotiator@npm:0.3.0"
  checksum: fde568478562dbac76cb3137c7c9932ddd2c369a545e8ef1e167dc6ce279a61ca41764e513dcf023d0ebff24aebcaa42a7bdb06dde2a4f6541e291cda27378bc
  languageName: node
  linkType: hard

"node-uuid@npm:~1.4.0":
  version: 1.4.8
  resolution: "node-uuid@npm:1.4.8"
  bin:
    uuid: ./bin/uuid
  checksum: 71b3766d46da0479a37fe9a2bea206b0f7249faf1e67896b5bd3c770efe20c352bcf62b0fe883cfa602ec5b81669317190a0ca838d9b8e5cdb4efff99448c598
  languageName: node
  linkType: hard

"nopt@npm:~1.0.10":
  version: 1.0.10
  resolution: "nopt@npm:1.0.10"
  dependencies:
    abbrev: 1
  bin:
    nopt: ./bin/nopt.js
  checksum: f62575aceaa3be43f365bf37a596b89bbac2e796b001b6d2e2a85c2140a4e378ff919e2753ccba959c4fd344776fc88c29b393bc167fa939fb1513f126f4cd45
  languageName: node
  linkType: hard

"nopt@npm:~2.0.0":
  version: 2.0.0
  resolution: "nopt@npm:2.0.0"
  dependencies:
    abbrev: 1
  bin:
    nopt: ./bin/nopt.js
  checksum: 9a67509d9085dbd7bf4a7b1dd7e5331632f5fd1d32b5cac143f46191a7199bbcfb860b8601e040ff3ec3a083d1ff48e249b5994bd7c718fa10616a6fdf8d2072
  languageName: node
  linkType: hard

noptify@latest:
  version: 0.0.3
  resolution: "noptify@npm:0.0.3"
  dependencies:
    nopt: ~2.0.0
  checksum: 8cb3a68a8b614a226ed51b970ec98cc036ce1fc9fc6bb19c59189ad47ffc261fbec1eb846372819990f0c6b7fbaef22c7d1613e849d49643ace7fd272e0e8d4d
  languageName: node
  linkType: hard

"oauth-sign@npm:~0.3.0":
  version: 0.3.0
  resolution: "oauth-sign@npm:0.3.0"
  checksum: dc8e6387789d91399e2b20dceee3ad1deba2ec2e9a69204a348f52c07e51b84e511e84f1c5bbe596537c22536560a3c5502e46e3531e227b943394428f0f387b
  languageName: node
  linkType: hard

"optimist@npm:~0.3.5":
  version: 0.3.7
  resolution: "optimist@npm:0.3.7"
  dependencies:
    wordwrap: ~0.0.2
  checksum: adc02acb8b76d242e56714b47c8c96916b25a5ac2da7b9f735e1f946a970f266f71d53eff0b61d9582ef948301e94734f03b784fa7c309aed0fe7db403d22046
  languageName: node
  linkType: hard

"pause@npm:0.0.1":
  version: 0.0.1
  resolution: "pause@npm:0.0.1"
  checksum: e96ee581b68085e6f2ba5adbcb4d4a41fe88e5b514061e76df2fe1905f0f65f4fe5a843b538e9551122c6b9184ff4be266c2ee0ea4614702f9a3d04466d9f462
  languageName: node
  linkType: hard

"promise@npm:~2.0":
  version: 2.0.0
  resolution: "promise@npm:2.0.0"
  dependencies:
    is-promise: ~1
  checksum: a513c107225501b8f9dd96af21d4a190f4f3858ebe3b6528e475747ba68570f37f0722ea2b6f3b73c3c5fa97568b150927572502f0ee61599a1bf169f28170bd
  languageName: node
  linkType: hard

"qs@npm:0.6.5, qs@npm:~0.6.0":
  version: 0.6.5
  resolution: "qs@npm:0.6.5"
  checksum: 632ef61c7e06fb511a0f9dc21ae1e8fdf2f2a00bfb225ad208f9f4000e2c4d9b69e8f534f11537716595155a34078058ce0e6f6df9186a65fb1b18a5fc3cdcc0
  languageName: node
  linkType: hard

"qs@npm:~0.5.2":
  version: 0.5.6
  resolution: "qs@npm:0.5.6"
  checksum: bdb2acb1a82fcde334089c5bd6077073b96b69c28b6aac836ee80804b27cb383bc22d0ab76ce74b78738a1bd2dd328f8d4f13b8cb7fe4eeffec3e8a65ab39563
  languageName: node
  linkType: hard

"range-parser@npm:0.0.4":
  version: 0.0.4
  resolution: "range-parser@npm:0.0.4"
  checksum: 89dc7c4f55c58e9a1a0d4944ff41f5d9bd43ff79793f7980288880cfb43d5dfdae08066e5923704639e1e9f75487595492f3ee0e2df1c7c82834e5863201dedf
  languageName: node
  linkType: hard

"raw-body@npm:0.0.3":
  version: 0.0.3
  resolution: "raw-body@npm:0.0.3"
  checksum: b772dade1f78ca8d7ee0e607f633df7ed38bf1d6d974efefdd4c0d0eec629eefcb0b7e13ad8128fefc0356db4c80e04952e0ec158195ddbce238cafc633f3494
  languageName: node
  linkType: hard

"readable-stream@npm:~1.1.8, readable-stream@npm:~1.1.9":
  version: 1.1.14
  resolution: "readable-stream@npm:1.1.14"
  dependencies:
    core-util-is: ~1.0.0
    inherits: ~2.0.1
    isarray: 0.0.1
    string_decoder: ~0.10.x
  checksum: 17dfeae3e909945a4a1abc5613ea92d03269ef54c49288599507fc98ff4615988a1c39a999dcf9aacba70233d9b7040bc11a5f2bfc947e262dedcc0a8b32b5a0
  languageName: node
  linkType: hard

"readdirp@npm:~0.2.3":
  version: 0.2.5
  resolution: "readdirp@npm:0.2.5"
  dependencies:
    minimatch: ">=0.2.4"
  checksum: 40d2e614114baf3cf966fb24f3d670e4eef77644e9190eb7ad6c11370cc97375a56217766f3df97c288fa1e793876e26d78bd8a5f6da5f7dac264271a2f9af88
  languageName: node
  linkType: hard

"request@npm:2.27.0":
  version: 2.27.0
  resolution: "request@npm:2.27.0"
  dependencies:
    aws-sign: ~0.3.0
    cookie-jar: ~0.3.0
    forever-agent: ~0.5.0
    form-data: ~0.1.0
    hawk: ~1.0.0
    http-signature: ~0.10.0
    json-stringify-safe: ~5.0.0
    mime: ~1.2.9
    node-uuid: ~1.4.0
    oauth-sign: ~0.3.0
    qs: ~0.6.0
    tunnel-agent: ~0.3.0
  checksum: 849864980e7b36f3e491593d5384f6216666f3e1f0d2d6635cbbde86d2f461590f0e4a45098c3fbb4b9c1ccd7448bbab3d416494f51a59223e2494eee914cddb
  languageName: node
  linkType: hard

"rimraf@npm:~2.0.2":
  version: 2.0.3
  resolution: "rimraf@npm:2.0.3"
  dependencies:
    graceful-fs: ~1.1
  dependenciesMeta:
    graceful-fs:
      optional: true
  checksum: 621886729b64ebb113444c9f6853f0af93e7e1c9141d79b4916a238587aacb56fd4e0684cce7f229f3884698d67672273f523677624134f125541ebc1b722d1b
  languageName: node
  linkType: hard

"send@npm:0.1.4":
  version: 0.1.4
  resolution: "send@npm:0.1.4"
  dependencies:
    debug: "*"
    fresh: 0.2.0
    mime: ~1.2.9
    range-parser: 0.0.4
  checksum: d65d46efbe21f91fe7a3630addd7eeca948ed33804d42aa2aebe0313494e1bb1b260b534a12aec174c2e9f50a9d4ea18b78708af940493e297ae3d61f3791bed
  languageName: node
  linkType: hard

"shelljs@npm:0.1.x":
  version: 0.1.4
  resolution: "shelljs@npm:0.1.4"
  bin:
    shjs: ./bin/shjs
  checksum: 4bd9732d2eea7ef781ad92bd7f074e038ea9d075644fbc78e875618a870e89749df70d91da44b35c708efc42aa2043228886bf960d35bed809201401ecf746c1
  languageName: node
  linkType: hard

"sigmund@npm:~1.0.0":
  version: 1.0.1
  resolution: "sigmund@npm:1.0.1"
  checksum: 793f81f8083ad75ff3903ffd93cf35be8d797e872822cf880aea27ce6db522b508d93ea52ae292bccf357ce34dd5c7faa544cc51c2216e70bbf5fcf09b62707c
  languageName: node
  linkType: hard

"sntp@npm:0.2.x":
  version: 0.2.4
  resolution: "sntp@npm:0.2.4"
  dependencies:
    hoek: 0.9.x
  checksum: 992da9dfc725d82a204cc4ff8ba9955fc0d1f9bd3afb60b08723d365a77daab8c19f43b51af26953c44e0097d44fad40680602ba1efceb49ee5c30ae8e362f44
  languageName: node
  linkType: hard

"source-map@npm:0.1.34, source-map@npm:~0.1.7":
  version: 0.1.34
  resolution: "source-map@npm:0.1.34"
  dependencies:
    amdefine: ">=0.0.4"
  checksum: d12822db7234037317906c9b93d4392218e20f3fc755bb73942296b2d76396895dae4571c431b59a9275d030d834807d03a0de15e8b492f810c6fee5fc88c791
  languageName: node
  linkType: hard

"stream-counter@npm:~0.2.0":
  version: 0.2.0
  resolution: "stream-counter@npm:0.2.0"
  dependencies:
    readable-stream: ~1.1.8
  checksum: af174126dc53ba507c9025e2c96bd3626ea095a71bcd7308503bcf57235a99c30a7d55538ccc3a962a45fd4ba27a8d144ad282c9f148d7534a68f7f6de231de6
  languageName: node
  linkType: hard

"string_decoder@npm:~0.10.x":
  version: 0.10.31
  resolution: "string_decoder@npm:0.10.31"
  checksum: fe00f8e303647e5db919948ccb5ce0da7dea209ab54702894dd0c664edd98e5d4df4b80d6fabf7b9e92b237359d21136c95bf068b2f7760b772ca974ba970202
  languageName: node
  linkType: hard

"text-table@npm:~0.2.0":
  version: 0.2.0
  resolution: "text-table@npm:0.2.0"
  checksum: b6937a38c80c7f84d9c11dd75e49d5c44f71d95e810a3250bd1f1797fc7117c57698204adf676b71497acc205d769d65c16ae8fa10afad832ae1322630aef10a
  languageName: node
  linkType: hard

"tiny-lr@npm:0.0.4":
  version: 0.0.4
  resolution: "tiny-lr@npm:0.0.4"
  dependencies:
    debug: ~0.7.0
    faye-websocket: ~0.4.3
    noptify: latest
    qs: ~0.5.2
  bin:
    tiny-lr: ./bin/tiny-lr
  checksum: 9634386ef1b213c8a5f5d5f497085f620cc777c3232271ebb3344171f63aa75072acd2cba6d07c1dd59acc1d260411d182d84632420b769c68c2ec5278ecb8ce
  languageName: node
  linkType: hard

"transformers@npm:2.1.0":
  version: 2.1.0
  resolution: "transformers@npm:2.1.0"
  dependencies:
    css: ~1.0.8
    promise: ~2.0
    uglify-js: ~2.2.5
  checksum: 65562e4e940e3067e7775774777e0120fc1b0e75cb702179803d26ee0ed77288264161e80bd43c4b2e22b41b24b470491caea7a13cd47e4ae9972499c9607017
  languageName: node
  linkType: hard

"tunnel-agent@npm:~0.3.0":
  version: 0.3.0
  resolution: "tunnel-agent@npm:0.3.0"
  checksum: e2fe84027766f5af1ae3a91da51e3aa8d72e4ad202ad9a352710eee4d344894bbf9652b1dee1c887882aaf70307ca2defe0f2a26b922c354af7e205b9d93abbc
  languageName: node
  linkType: hard

"uglify-js@npm:2.4.0":
  version: 2.4.0
  resolution: "uglify-js@npm:2.4.0"
  dependencies:
    async: ~0.2.6
    optimist: ~0.3.5
    source-map: ~0.1.7
    uglify-to-browserify: ~1.0.0
  bin:
    uglifyjs: bin/uglifyjs
  checksum: c93c40ff1b70f82601ddea874af8569576bfbec519e32b4cebfe2382b711deafb700c9806915559d1e8bf74c4c19923119d9c5baa6439f5626a6feaa4ff0322b
  languageName: node
  linkType: hard

"uglify-js@npm:~2.2.5":
  version: 2.2.5
  resolution: "uglify-js@npm:2.2.5"
  dependencies:
    optimist: ~0.3.5
    source-map: ~0.1.7
  bin:
    uglifyjs: bin/uglifyjs
  checksum: 4d7267724d5295994f771997d2b5e3335cd743fc1a892d7656509fb1c16ca7bb0ab5a43760b125674973ffd89b2083e5a1c3e534d2f771174c465b4f48ce93f2
  languageName: node
  linkType: hard

"uglify-js@npm:~2.4.0":
  version: 2.4.24
  resolution: "uglify-js@npm:2.4.24"
  dependencies:
    async: ~0.2.6
    source-map: 0.1.34
    uglify-to-browserify: ~1.0.0
    yargs: ~3.5.4
  bin:
    uglifyjs: bin/uglifyjs
  checksum: 5f24e3861b4ae169a409dbf15bfc94677f1132a47799e63a98914a111d8c8c005504062c4eadddf3a2d102ecda84db462e68914fb580a61f90896938e6260032
  languageName: node
  linkType: hard

"uglify-to-browserify@npm:~1.0.0":
  version: 1.0.2
  resolution: "uglify-to-browserify@npm:1.0.2"
  checksum: cfa7e2c233b33dc952fcf6ddb2a1e04f48b733fc00314d7282447dde0d7cebc7cf0085d4752abbc82127a4b458c2bf66c63bd8a574be3b2faa0effaabd971370
  languageName: node
  linkType: hard

"uid2@npm:0.0.3":
  version: 0.0.3
  resolution: "uid2@npm:0.0.3"
  checksum: c8f64acfa94aa42d90c1a61ba9df0162f0db0d28c211e21cf5792b3d70b7ad9fd75d19c7cadcce81896ea111335e57e65891a3b6d0a1343a9adf45abf3d4c47d
  languageName: node
  linkType: hard

"underscore.string@npm:~2.4.0":
  version: 2.4.0
  resolution: "underscore.string@npm:2.4.0"
  checksum: fe112a26b51b0721912cd33226f041a76073d8e4fd7fe9a89115e12f676d265805fc5cb35df560e935a80e981802208b17c8cccda3351f5635ff3b155cc765fc
  languageName: node
  linkType: hard

underscore.string@~2.2.0rc:
  version: 2.2.1
  resolution: "underscore.string@npm:2.2.1"
  checksum: 86c5cf8f1838df575bd7c2d49fd30391202fa4e611b2dec320641bd3b8e9fa6206d5813f078dbefe7aaa95cdafe5d19165e94f08b36a30860191bc5ef714b619
  languageName: node
  linkType: hard

"underscore@npm:1.4.x":
  version: 1.4.4
  resolution: "underscore@npm:1.4.4"
  checksum: d9d731fe7ef51fbf8cf3d1b72659a9d0da51d655a67ed866ee33d563d7ce474df37086fa9f37a2fddf85750aee5b9bf5297e80bf41024eeb447fd5e11add83ba
  languageName: node
  linkType: hard

"underscore@npm:~1.7.0":
  version: 1.7.0
  resolution: "underscore@npm:1.7.0"
  checksum: 20be2ca8b0c3f7bd6c271c752f7d930011e20d1abb5ff953950bd37a523515b4edf2c34077c93bece21b2c3eafa0c25ab6052eaa7aea7c26809f5b869143cdfd
  languageName: node
  linkType: hard

"which@npm:~1.0.5":
  version: 1.0.9
  resolution: "which@npm:1.0.9"
  bin:
    which: ./bin/which
  checksum: 645debd713715e7dd1d33ad7b118b4c7fb98d2f961497791f5460e802e550c8d8895c282c28afa44a538d4f6242db130f50c82f0b97aaddbc6e0120a324160df
  languageName: node
  linkType: hard

"window-size@npm:0.1.0":
  version: 0.1.0
  resolution: "window-size@npm:0.1.0"
  checksum: ca88d06a353e2ab264f68d8684c3e6bb461ac3b2205c372c290785cb4367e57a025d7760a0b030ea6af4daf5884394b78d0b2480e8d6699d8d799d5c65edcbd0
  languageName: node
  linkType: hard

"with@npm:~1.1.0":
  version: 1.1.1
  resolution: "with@npm:1.1.1"
  dependencies:
    uglify-js: 2.4.0
  checksum: 81be10e4304f14920430ecff3bb43627b64b6e1dfc687bf5f9de3fcc18517ba2be511c0a516c1242e98436e9341e4b7281e76a7e84454dc54deb65216e41e4e4
  languageName: node
  linkType: hard

"wordwrap@npm:0.0.2, wordwrap@npm:~0.0.2":
  version: 0.0.2
  resolution: "wordwrap@npm:0.0.2"
  checksum: 1152eb7f04c3771df4fd8ea817e3945586f6be2e906cd7d95e60248e136a7f506c911cc738f963b7b18f74c215d7fe61f5b276fc82c3cee930abfc61a215afec
  languageName: node
  linkType: hard

"yargs@npm:~3.5.4":
  version: 3.5.4
  resolution: "yargs@npm:3.5.4"
  dependencies:
    camelcase: ^1.0.2
    decamelize: ^1.0.0
    window-size: 0.1.0
    wordwrap: 0.0.2
  checksum: d663375eaef6adef27bf3096d05230e272d69ee6dc00e509988a10c09b1d3acf0aebc4096a7b7e542b222ed05ff32a0a06ac92ba3c9aa721f4b249940b13b15b
  languageName: node
  linkType: hard

"yarn@npm:^1.22.19":
  version: 1.22.19
  resolution: "yarn@npm:1.22.19"
  bin:
    yarn: bin/yarn.js
    yarnpkg: bin/yarn.js
  checksum: b43d2cc5fee7e933beb12a8aee7dfceca9e9ef2dd17c5d04d15a12ab7bec5f5744ea34a07b86e013da7f291a18c4e1ad8f70e150f5ed2f4666e6723c7f0a8452
  languageName: node
  linkType: hard
